
Microsoft Visual Studio Solution File, Format Version 12.00
# Visual Studio 15
VisualStudioVersion = 15.0.26430.6
MinimumVisualStudioVersion = 10.0.40219.1
Project("{FAE04EC0-301F-11D3-BF4B-00C04F79EFBC}") = "KidQuotes.Data", "KidQuotes.Data\KidQuotes.Data.csproj", "{A342C8B6-F7E6-4924-89B6-6473D0E8B2B8}"
EndProject
Project("{FAE04EC0-301F-11D3-BF4B-00C04F79EFBC}") = "KidQuotes.Models", "KidQuotes.Models\KidQuotes.Models.csproj", "{7F7D6B0D-3D10-4303-9EFB-6C2BEE0B2223}"
EndProject
Project("{FAE04EC0-301F-11D3-BF4B-00C04F79EFBC}") = "KidQuotes.WebApi", "KidQuotes.WebApi\KidQuotes.WebApi.csproj", "{74021EFB-0F88-4341-9267-7D5E283D8F2A}"
EndProject
Project("{FAE04EC0-301F-11D3-BF4B-00C04F79EFBC}") = "KidQuotes.WebAngular", "KidQuotes.WebAngular\KidQuotes.WebAngular.csproj", "{0AAC0E37-3A9B-493B-8F91-17EB37ACCCBA}"
EndProject
Project("{FAE04EC0-301F-11D3-BF4B-00C04F79EFBC}") = "KidQuotes.Tests", "KidQuotes.Tests\KidQuotes.Tests.csproj", "{0A525286-5675-44FF-8396-D2B4BEDA14BC}"
EndProject
Project("{FAE04EC0-301F-11D3-BF4B-00C04F79EFBC}") = "KidQuotes.Services", "KidQuotes.Services\KidQuotes.Services.csproj", "{3DC61503-A0EB-446B-9DC1-8FEE966E0528}"
EndProject
Project("{FAE04EC0-301F-11D3-BF4B-00C04F79EFBC}") = "KidQuotes.WebMVC", "KidQuotes.WebMVC\KidQuotes.WebMVC.csproj", "{A64A3362-EE25-417E-886D-CC9CF24B9135}"
EndProject
Project("{FAE04EC0-301F-11D3-BF4B-00C04F79EFBC}") = "KidQuotes.Contracts", "KidQuotes.Contracts\KidQuotes.Contracts.csproj", "{20AFA590-6592-4375-B889-A74A832A469B}"
EndProject
Global
	GlobalSection(SolutionConfigurationPlatforms) = preSolution
		Debug|Any CPU = Debug|Any CPU
		Release|Any CPU = Release|Any CPU
	EndGlobalSection
	GlobalSection(ProjectConfigurationPlatforms) = postSolution
		{A342C8B6-F7E6-4924-89B6-6473D0E8B2B8}.Debug|Any CPU.ActiveCfg = Debug|Any CPU
		{A342C8B6-F7E6-4924-89B6-6473D0E8B2B8}.Debug|Any CPU.Build.0 = Debug|Any CPU
		{A342C8B6-F7E6-4924-89B6-6473D0E8B2B8}.Release|Any CPU.ActiveCfg = Release|Any CPU
		{A342C8B6-F7E6-4924-89B6-6473D0E8B2B8}.Release|Any CPU.Build.0 = Release|Any CPU
		{7F7D6B0D-3D10-4303-9EFB-6C2BEE0B2223}.Debug|Any CPU.ActiveCfg = Debug|Any CPU
		{7F7D6B0D-3D10-4303-9EFB-6C2BEE0B2223}.Debug|Any CPU.Build.0 = Debug|Any CPU
		{7F7D6B0D-3D10-4303-9EFB-6C2BEE0B2223}.Release|Any CPU.ActiveCfg = Release|Any CPU
		{7F7D6B0D-3D10-4303-9EFB-6C2BEE0B2223}.Release|Any CPU.Build.0 = Release|Any CPU
		{74021EFB-0F88-4341-9267-7D5E283D8F2A}.Debug|Any CPU.ActiveCfg = Debug|Any CPU
		{74021EFB-0F88-4341-9267-7D5E283D8F2A}.Debug|Any CPU.Build.0 = Debug|Any CPU
		{74021EFB-0F88-4341-9267-7D5E283D8F2A}.Release|Any CPU.ActiveCfg = Release|Any CPU
		{74021EFB-0F88-4341-9267-7D5E283D8F2A}.Release|Any CPU.Build.0 = Release|Any CPU
		{0AAC0E37-3A9B-493B-8F91-17EB37ACCCBA}.Debug|Any CPU.ActiveCfg = Debug|Any CPU
		{0AAC0E37-3A9B-493B-8F91-17EB37ACCCBA}.Debug|Any CPU.Build.0 = Debug|Any CPU
		{0AAC0E37-3A9B-493B-8F91-17EB37ACCCBA}.Release|Any CPU.ActiveCfg = Release|Any CPU
		{0AAC0E37-3A9B-493B-8F91-17EB37ACCCBA}.Release|Any CPU.Build.0 = Release|Any CPU
		{0A525286-5675-44FF-8396-D2B4BEDA14BC}.Debug|Any CPU.ActiveCfg = Debug|Any CPU
		{0A525286-5675-44FF-8396-D2B4BEDA14BC}.Debug|Any CPU.Build.0 = Debug|Any CPU
		{0A525286-5675-44FF-8396-D2B4BEDA14BC}.Release|Any CPU.ActiveCfg = Release|Any CPU
		{0A525286-5675-44FF-8396-D2B4BEDA14BC}.Release|Any CPU.Build.0 = Release|Any CPU
		{3DC61503-A0EB-446B-9DC1-8FEE966E0528}.Debug|Any CPU.ActiveCfg = Debug|Any CPU
		{3DC61503-A0EB-446B-9DC1-8FEE966E0528}.Debug|Any CPU.Build.0 = Debug|Any CPU
		{3DC61503-A0EB-446B-9DC1-8FEE966E0528}.Release|Any CPU.ActiveCfg = Release|Any CPU
		{3DC61503-A0EB-446B-9DC1-8FEE966E0528}.Release|Any CPU.Build.0 = Release|Any CPU
		{A64A3362-EE25-417E-886D-CC9CF24B9135}.Debug|Any CPU.ActiveCfg = Debug|Any CPU
		{A64A3362-EE25-417E-886D-CC9CF24B9135}.Debug|Any CPU.Build.0 = Debug|Any CPU
		{A64A3362-EE25-417E-886D-CC9CF24B9135}.Release|Any CPU.ActiveCfg = Release|Any CPU
		{A64A3362-EE25-417E-886D-CC9CF24B9135}.Release|Any CPU.Build.0 = Release|Any CPU
		{20AFA590-6592-4375-B889-A74A832A469B}.Debug|Any CPU.ActiveCfg = Debug|Any CPU
		{20AFA590-6592-4375-B889-A74A832A469B}.Debug|Any CPU.Build.0 = Debug|Any CPU
		{20AFA590-6592-4375-B889-A74A832A469B}.Release|Any CPU.ActiveCfg = Release|Any CPU
		{20AFA590-6592-4375-B889-A74A832A469B}.Release|Any CPU.Build.0 = Release|Any CPU
	EndGlobalSection
	GlobalSection(SolutionProperties) = preSolution
		HideSolutionNode = FALSE
	EndGlobalSection
EndGlobal
